github.com/google/uuid v1.3.0 h1:t6JiXgmwXMjEs8VusXIJk2BXHsn+wx8BZdTaoZ5fu7I=
github.com/google/uuid v1.3.0/go.mod h1:TIyPZe4MgqvfeYDBFedMoGGpEw/LqOeaOT+nhxU+yHo=
github.com/logykk/go-mc v1.19.4-pre1.0.20230515092251-ab515bc9a04d h1:9n0CWtKSP2fdZzsS9z+ov+Zae8MQbyh9BqjJEz4NfOM=
github.com/logykk/go-mc v1.19.4-pre1.0.20230515092251-ab515bc9a04d/go.mod h1:c1znJQglgqa1Jjs3Dr29woN/msguiJrlNtWXhKedh2U=
